
Microsoft Visual Studio Solution File, Format Version 12.00
# Visual Studio Version 16
VisualStudioVersion = 25.0.1705.6
MinimumVisualStudioVersion = 10.0.40219.1
Project("{FAE04EC0-301F-11D3-BF4B-00C04F79EFBC}") = "Anshuman_Assignment_1", "Anshuman_Assignment_1\Anshuman_Assignment_1.csproj", "{3A557B3D-2281-4BEC-8023-1518A17BE93C}"
EndProject
Global
	GlobalSection(SolutionConfigurationPlatforms) = preSolution
		Debug|Any CPU = Debug|Any CPU
		Release|Any CPU = Release|Any CPU
	EndGlobalSection
	GlobalSection(ProjectConfigurationPlatforms) = postSolution
		{3A557B3D-2281-4BEC-8023-1518A17BE93C}.Debug|Any CPU.ActiveCfg = Debug|Any CPU
		{3A557B3D-2281-4BEC-8023-1518A17BE93C}.Debug|Any CPU.Build.0 = Debug|Any CPU
		{3A557B3D-2281-4BEC-8023-1518A17BE93C}.Release|Any CPU.ActiveCfg = Release|Any CPU
		{3A557B3D-2281-4BEC-8023-1518A17BE93C}.Release|Any CPU.Build.0 = Release|Any CPU
	EndGlobalSection
	GlobalSection(SolutionProperties) = preSolution
		HideSolutionNode = FALSE
	EndGlobalSection
	GlobalSection(ExtensibilityGlobals) = postSolution
		SolutionGuid = {4E485EE7-A43F-4173-9D49-9E0B3895668A}
	EndGlobalSection
EndGlobal
